
Microsoft Visual Studio Solution File, Format Version 12.00
# Visual Studio Version 17
VisualStudioVersion = 17.5.33516.290
MinimumVisualStudioVersion = 10.0.40219.1
Project("{9A19103F-16F7-4668-BE54-9A1E7A4F7556}") = "BigPicture_MVC", "BigPicture_MVC.csproj", "{00C53E38-BC41-4054-ABB5-5013C619C8FF}"
EndProject
Global
	GlobalSection(SolutionConfigurationPlatforms) = preSolution
		Debug|Any CPU = Debug|Any CPU
		Release|Any CPU = Release|Any CPU
	EndGlobalSection
	GlobalSection(ProjectConfigurationPlatforms) = postSolution
		{00C53E38-BC41-4054-ABB5-5013C619C8FF}.Debug|Any CPU.ActiveCfg = Debug|Any CPU
		{00C53E38-BC41-4054-ABB5-5013C619C8FF}.Debug|Any CPU.Build.0 = Debug|Any CPU
		{00C53E38-BC41-4054-ABB5-5013C619C8FF}.Release|Any CPU.ActiveCfg = Release|Any CPU
		{00C53E38-BC41-4054-ABB5-5013C619C8FF}.Release|Any CPU.Build.0 = Release|Any CPU
	EndGlobalSection
	GlobalSection(SolutionProperties) = preSolution
		HideSolutionNode = FALSE
	EndGlobalSection
	GlobalSection(ExtensibilityGlobals) = postSolution
		SolutionGuid = {AC49D7EE-674A-4000-88C9-29DE668763CE}
	EndGlobalSection
EndGlobal
